
Microsoft Visual Studio Solution File, Format Version 12.00
# Visual Studio 15
VisualStudioVersion = 15.0.28010.2016
MinimumVisualStudioVersion = 10.0.40219.1
Project("{FAE04EC0-301F-11D3-BF4B-00C04F79EFBC}") = "GuiInnovationII", "GuiInnovationII\GuiInnovationII.csproj", "{C75E0921-BF60-40BC-8670-8D83818E563D}"
EndProject
Global
	GlobalSection(SolutionConfigurationPlatforms) = preSolution
		Debug|Any CPU = Debug|Any CPU
		Release|Any CPU = Release|Any CPU
	EndGlobalSection
	GlobalSection(ProjectConfigurationPlatforms) = postSolution
		{C75E0921-BF60-40BC-8670-8D83818E563D}.Debug|Any CPU.ActiveCfg = Debug|Any CPU
		{C75E0921-BF60-40BC-8670-8D83818E563D}.Debug|Any CPU.Build.0 = Debug|Any CPU
		{C75E0921-BF60-40BC-8670-8D83818E563D}.Release|Any CPU.ActiveCfg = Release|Any CPU
		{C75E0921-BF60-40BC-8670-8D83818E563D}.Release|Any CPU.Build.0 = Release|Any CPU
	EndGlobalSection
	GlobalSection(SolutionProperties) = preSolution
		HideSolutionNode = FALSE
	EndGlobalSection
	GlobalSection(ExtensibilityGlobals) = postSolution
		SolutionGuid = {906B3525-493F-4484-83BD-5BFCE807C817}
	EndGlobalSection
EndGlobal
